# THIS IS AN AUTOGENERATED FILE. DO NOT EDIT THIS FILE DIRECTLY.
# yarn lockfile v1


math-expression-evaluator@^1.2.17:
  version "1.2.17"
  resolved "https://registry.yarnpkg.com/math-expression-evaluator/-/math-expression-evaluator-1.2.17.tgz#de819fdbcd84dccd8fae59c6aeb79615b9d266ac"
  integrity sha1-3oGf282E3M2PrlnGrreWFbnSZqw=
